
Microsoft Visual Studio Solution File, Format Version 12.00
# Visual Studio Version 16
VisualStudioVersion = 16.0.33423.256
MinimumVisualStudioVersion = 10.0.40219.1
Project("{FAE04EC0-301F-11D3-BF4B-00C04F79EFBC}") = "AdventureGame", "AdventureGame\AdventureGame.csproj", "{B87562A7-81E3-47DC-8785-9160D4D25E8C}"
EndProject
Global
	GlobalSection(SolutionConfigurationPlatforms) = preSolution
		Debug|Any CPU = Debug|Any CPU
		Release|Any CPU = Release|Any CPU
	EndGlobalSection
	GlobalSection(ProjectConfigurationPlatforms) = postSolution
		{B87562A7-81E3-47DC-8785-9160D4D25E8C}.Debug|Any CPU.ActiveCfg = Debug|Any CPU
		{B87562A7-81E3-47DC-8785-9160D4D25E8C}.Debug|Any CPU.Build.0 = Debug|Any CPU
		{B87562A7-81E3-47DC-8785-9160D4D25E8C}.Release|Any CPU.ActiveCfg = Release|Any CPU
		{B87562A7-81E3-47DC-8785-9160D4D25E8C}.Release|Any CPU.Build.0 = Release|Any CPU
	EndGlobalSection
	GlobalSection(SolutionProperties) = preSolution
		HideSolutionNode = FALSE
	EndGlobalSection
	GlobalSection(ExtensibilityGlobals) = postSolution
		SolutionGuid = {52AF8356-16BF-4362-87D5-AEC7864EE78D}
	EndGlobalSection
EndGlobal
